
Microsoft Visual Studio Solution File, Format Version 12.00
# Visual Studio Version 16
VisualStudioVersion = 16.0.33423.256
MinimumVisualStudioVersion = 10.0.40219.1
Project("{FAE04EC0-301F-11D3-BF4B-00C04F79EFBC}") = "ConsoleApp1", "ConsoleApp1.csproj", "{D736FA43-5345-4EB9-8E52-0402583BC776}"
EndProject
Global
	GlobalSection(SolutionConfigurationPlatforms) = preSolution
		Debug|Any CPU = Debug|Any CPU
		Release|Any CPU = Release|Any CPU
	EndGlobalSection
	GlobalSection(ProjectConfigurationPlatforms) = postSolution
		{D736FA43-5345-4EB9-8E52-0402583BC776}.Debug|Any CPU.ActiveCfg = Debug|Any CPU
		{D736FA43-5345-4EB9-8E52-0402583BC776}.Debug|Any CPU.Build.0 = Debug|Any CPU
		{D736FA43-5345-4EB9-8E52-0402583BC776}.Release|Any CPU.ActiveCfg = Release|Any CPU
		{D736FA43-5345-4EB9-8E52-0402583BC776}.Release|Any CPU.Build.0 = Release|Any CPU
	EndGlobalSection
	GlobalSection(SolutionProperties) = preSolution
		HideSolutionNode = FALSE
	EndGlobalSection
	GlobalSection(ExtensibilityGlobals) = postSolution
		SolutionGuid = {C4391FC4-82C0-42B9-A0CD-B06396AE31FE}
	EndGlobalSection
EndGlobal
